
Microsoft Visual Studio Solution File, Format Version 12.00
# Visual Studio 15
VisualStudioVersion = 15.0.27703.2018
MinimumVisualStudioVersion = 10.0.40219.1
Project("{FAE04EC0-301F-11D3-BF4B-00C04F79EFBC}") = "FlashLight.Android", "FlashLight\FlashLight.Android\FlashLight.Android.csproj", "{3EE195B0-88F4-4119-964E-CB581531AA15}"
EndProject
Project("{FAE04EC0-301F-11D3-BF4B-00C04F79EFBC}") = "FlashLight.iOS", "FlashLight\FlashLight.iOS\FlashLight.iOS.csproj", "{69128220-5FDD-4B01-B56C-D636EA1FCE28}"
EndProject
Project("{FAE04EC0-301F-11D3-BF4B-00C04F79EFBC}") = "FlashLight", "FlashLight\FlashLight\FlashLight.csproj", "{54B3F29B-70E5-4117-8396-8B9E3DB4B865}"
EndProject
Global
	GlobalSection(SolutionConfigurationPlatforms) = preSolution
		Ad-Hoc|Any CPU = Ad-Hoc|Any CPU
		Ad-Hoc|iPhone = Ad-Hoc|iPhone
		Ad-Hoc|iPhoneSimulator = Ad-Hoc|iPhoneSimulator
		AppStore|Any CPU = AppStore|Any CPU
		AppStore|iPhone = AppStore|iPhone
		AppStore|iPhoneSimulator = AppStore|iPhoneSimulator
		Debug|Any CPU = Debug|Any CPU
		Debug|iPhone = Debug|iPhone
		Debug|iPhoneSimulator = Debug|iPhoneSimulator
		Release|Any CPU = Release|Any CPU
		Release|iPhone = Release|iPhone
		Release|iPhoneSimulator = Release|iPhoneSimulator
	EndGlobalSection
	GlobalSection(ProjectConfigurationPlatforms) = postSolution
		{3EE195B0-88F4-4119-964E-CB581531AA15}.Ad-Hoc|Any CPU.ActiveCfg = Release|Any CPU
		{3EE195B0-88F4-4119-964E-CB581531AA15}.Ad-Hoc|Any CPU.Build.0 = Release|Any CPU
		{3EE195B0-88F4-4119-964E-CB581531AA15}.Ad-Hoc|Any CPU.Deploy.0 = Release|Any CPU
		{3EE195B0-88F4-4119-964E-CB581531AA15}.Ad-Hoc|iPhone.ActiveCfg = Release|Any CPU
		{3EE195B0-88F4-4119-964E-CB581531AA15}.Ad-Hoc|iPhone.Build.0 = Release|Any CPU
		{3EE195B0-88F4-4119-964E-CB581531AA15}.Ad-Hoc|iPhone.Deploy.0 = Release|Any CPU
		{3EE195B0-88F4-4119-964E-CB581531AA15}.Ad-Hoc|iPhoneSimulator.ActiveCfg = Release|Any CPU
		{3EE195B0-88F4-4119-964E-CB581531AA15}.Ad-Hoc|iPhoneSimulator.Build.0 = Release|Any CPU
		{3EE195B0-88F4-4119-964E-CB581531AA15}.Ad-Hoc|iPhoneSimulator.Deploy.0 = Release|Any CPU
		{3EE195B0-88F4-4119-964E-CB581531AA15}.AppStore|Any CPU.ActiveCfg = Release|Any CPU
		{3EE195B0-88F4-4119-964E-CB581531AA15}.AppStore|Any CPU.Build.0 = Release|Any CPU
		{3EE195B0-88F4-4119-964E-CB581531AA15}.AppStore|Any CPU.Deploy.0 = Release|Any CPU
		{3EE195B0-88F4-4119-964E-CB581531AA15}.AppStore|iPhone.ActiveCfg = Release|Any CPU
		{3EE195B0-88F4-4119-964E-CB581531AA15}.AppStore|iPhone.Build.0 = Release|Any CPU
		{3EE195B0-88F4-4119-964E-CB581531AA15}.AppStore|iPhone.Deploy.0 = Release|Any CPU
		{3EE195B0-88F4-4119-964E-CB581531AA15}.AppStore|iPhoneSimulator.ActiveCfg = Release|Any CPU
		{3EE195B0-88F4-4119-964E-CB581531AA15}.AppStore|iPhoneSimulator.Build.0 = Release|Any CPU
		{3EE195B0-88F4-4119-964E-CB581531AA15}.AppStore|iPhoneSimulator.Deploy.0 = Release|Any CPU
		{3EE195B0-88F4-4119-964E-CB581531AA15}.Debug|Any CPU.ActiveCfg = Debug|Any CPU
		{3EE195B0-88F4-4119-964E-CB581531AA15}.Debug|Any CPU.Build.0 = Debug|Any CPU
		{3EE195B0-88F4-4119-964E-CB581531AA15}.Debug|Any CPU.Deploy.0 = Debug|Any CPU
		{3EE195B0-88F4-4119-964E-CB581531AA15}.Debug|iPhone.ActiveCfg = Debug|Any CPU
		{3EE195B0-88F4-4119-964E-CB581531AA15}.Debug|iPhone.Build.0 = Debug|Any CPU
		{3EE195B0-88F4-4119-964E-CB581531AA15}.Debug|iPhone.Deploy.0 = Debug|Any CPU
		{3EE195B0-88F4-4119-964E-CB581531AA15}.Debug|iPhoneSimulator.ActiveCfg = Debug|Any CPU
		{3EE195B0-88F4-4119-964E-CB581531AA15}.Debug|iPhoneSimulator.Build.0 = Debug|Any CPU
		{3EE195B0-88F4-4119-964E-CB581531AA15}.Debug|iPhoneSimulator.Deploy.0 = Debug|Any CPU
		{3EE195B0-88F4-4119-964E-CB581531AA15}.Release|Any CPU.ActiveCfg = Release|Any CPU
		{3EE195B0-88F4-4119-964E-CB581531AA15}.Release|Any CPU.Build.0 = Release|Any CPU
		{3EE195B0-88F4-4119-964E-CB581531AA15}.Release|Any CPU.Deploy.0 = Release|Any CPU
		{3EE195B0-88F4-4119-964E-CB581531AA15}.Release|iPhone.ActiveCfg = Release|Any CPU
		{3EE195B0-88F4-4119-964E-CB581531AA15}.Release|iPhone.Build.0 = Release|Any CPU
		{3EE195B0-88F4-4119-964E-CB581531AA15}.Release|iPhone.Deploy.0 = Release|Any CPU
		{3EE195B0-88F4-4119-964E-CB581531AA15}.Release|iPhoneSimulator.ActiveCfg = Release|Any CPU
		{3EE195B0-88F4-4119-964E-CB581531AA15}.Release|iPhoneSimulator.Build.0 = Release|Any CPU
		{3EE195B0-88F4-4119-964E-CB581531AA15}.Release|iPhoneSimulator.Deploy.0 = Release|Any CPU
		{69128220-5FDD-4B01-B56C-D636EA1FCE28}.Ad-Hoc|Any CPU.ActiveCfg = Ad-Hoc|iPhone
		{69128220-5FDD-4B01-B56C-D636EA1FCE28}.Ad-Hoc|Any CPU.Build.0 = Ad-Hoc|iPhone
		{69128220-5FDD-4B01-B56C-D636EA1FCE28}.Ad-Hoc|Any CPU.Deploy.0 = Ad-Hoc|iPhone
		{69128220-5FDD-4B01-B56C-D636EA1FCE28}.Ad-Hoc|iPhone.ActiveCfg = Ad-Hoc|iPhone
		{69128220-5FDD-4B01-B56C-D636EA1FCE28}.Ad-Hoc|iPhone.Build.0 = Ad-Hoc|iPhone
		{69128220-5FDD-4B01-B56C-D636EA1FCE28}.Ad-Hoc|iPhone.Deploy.0 = Ad-Hoc|iPhone
		{69128220-5FDD-4B01-B56C-D636EA1FCE28}.Ad-Hoc|iPhoneSimulator.ActiveCfg = Ad-Hoc|iPhoneSimulator
		{69128220-5FDD-4B01-B56C-D636EA1FCE28}.Ad-Hoc|iPhoneSimulator.Build.0 = Ad-Hoc|iPhoneSimulator
		{69128220-5FDD-4B01-B56C-D636EA1FCE28}.Ad-Hoc|iPhoneSimulator.Deploy.0 = Ad-Hoc|iPhoneSimulator
		{69128220-5FDD-4B01-B56C-D636EA1FCE28}.AppStore|Any CPU.ActiveCfg = AppStore|iPhone
		{69128220-5FDD-4B01-B56C-D636EA1FCE28}.AppStore|Any CPU.Build.0 = AppStore|iPhone
		{69128220-5FDD-4B01-B56C-D636EA1FCE28}.AppStore|Any CPU.Deploy.0 = AppStore|iPhone
		{69128220-5FDD-4B01-B56C-D636EA1FCE28}.AppStore|iPhone.ActiveCfg = AppStore|iPhone
		{69128220-5FDD-4B01-B56C-D636EA1FCE28}.AppStore|iPhone.Build.0 = AppStore|iPhone
		{69128220-5FDD-4B01-B56C-D636EA1FCE28}.AppStore|iPhone.Deploy.0 = AppStore|iPhone
		{69128220-5FDD-4B01-B56C-D636EA1FCE28}.AppStore|iPhoneSimulator.ActiveCfg = AppStore|iPhoneSimulator
		{69128220-5FDD-4B01-B56C-D636EA1FCE28}.AppStore|iPhoneSimulator.Build.0 = AppStore|iPhoneSimulator
		{69128220-5FDD-4B01-B56C-D636EA1FCE28}.AppStore|iPhoneSimulator.Deploy.0 = AppStore|iPhoneSimulator
		{69128220-5FDD-4B01-B56C-D636EA1FCE28}.Debug|Any CPU.ActiveCfg = Debug|iPhoneSimulator
		{69128220-5FDD-4B01-B56C-D636EA1FCE28}.Debug|Any CPU.Build.0 = Debug|iPhoneSimulator
		{69128220-5FDD-4B01-B56C-D636EA1FCE28}.Debug|Any CPU.Deploy.0 = Debug|iPhoneSimulator
		{69128220-5FDD-4B01-B56C-D636EA1FCE28}.Debug|iPhone.ActiveCfg = Debug|iPhone
		{69128220-5FDD-4B01-B56C-D636EA1FCE28}.Debug|iPhone.Build.0 = Debug|iPhone
		{69128220-5FDD-4B01-B56C-D636EA1FCE28}.Debug|iPhone.Deploy.0 = Debug|iPhone
		{69128220-5FDD-4B01-B56C-D636EA1FCE28}.Debug|iPhoneSimulator.ActiveCfg = Debug|iPhoneSimulator
		{69128220-5FDD-4B01-B56C-D636EA1FCE28}.Debug|iPhoneSimulator.Build.0 = Debug|iPhoneSimulator
		{69128220-5FDD-4B01-B56C-D636EA1FCE28}.Debug|iPhoneSimulator.Deploy.0 = Debug|iPhoneSimulator
		{69128220-5FDD-4B01-B56C-D636EA1FCE28}.Release|Any CPU.ActiveCfg = Release|iPhone
		{69128220-5FDD-4B01-B56C-D636EA1FCE28}.Release|Any CPU.Build.0 = Release|iPhone
		{69128220-5FDD-4B01-B56C-D636EA1FCE28}.Release|Any CPU.Deploy.0 = Release|iPhone
		{69128220-5FDD-4B01-B56C-D636EA1FCE28}.Release|iPhone.ActiveCfg = Release|iPhone
		{69128220-5FDD-4B01-B56C-D636EA1FCE28}.Release|iPhone.Build.0 = Release|iPhone
		{69128220-5FDD-4B01-B56C-D636EA1FCE28}.Release|iPhone.Deploy.0 = Release|iPhone
		{69128220-5FDD-4B01-B56C-D636EA1FCE28}.Release|iPhoneSimulator.ActiveCfg = Release|iPhoneSimulator
		{69128220-5FDD-4B01-B56C-D636EA1FCE28}.Release|iPhoneSimulator.Build.0 = Release|iPhoneSimulator
		{69128220-5FDD-4B01-B56C-D636EA1FCE28}.Release|iPhoneSimulator.Deploy.0 = Release|iPhoneSimulator
		{54B3F29B-70E5-4117-8396-8B9E3DB4B865}.Ad-Hoc|Any CPU.ActiveCfg = Debug|Any CPU
		{54B3F29B-70E5-4117-8396-8B9E3DB4B865}.Ad-Hoc|Any CPU.Build.0 = Debug|Any CPU
		{54B3F29B-70E5-4117-8396-8B9E3DB4B865}.Ad-Hoc|Any CPU.Deploy.0 = Debug|Any CPU
		{54B3F29B-70E5-4117-8396-8B9E3DB4B865}.Ad-Hoc|iPhone.ActiveCfg = Debug|Any CPU
		{54B3F29B-70E5-4117-8396-8B9E3DB4B865}.Ad-Hoc|iPhone.Build.0 = Debug|Any CPU
		{54B3F29B-70E5-4117-8396-8B9E3DB4B865}.Ad-Hoc|iPhone.Deploy.0 = Debug|Any CPU
		{54B3F29B-70E5-4117-8396-8B9E3DB4B865}.Ad-Hoc|iPhoneSimulator.ActiveCfg = Debug|Any CPU
		{54B3F29B-70E5-4117-8396-8B9E3DB4B865}.Ad-Hoc|iPhoneSimulator.Build.0 = Debug|Any CPU
		{54B3F29B-70E5-4117-8396-8B9E3DB4B865}.Ad-Hoc|iPhoneSimulator.Deploy.0 = Debug|Any CPU
		{54B3F29B-70E5-4117-8396-8B9E3DB4B865}.AppStore|Any CPU.ActiveCfg = Debug|Any CPU
		{54B3F29B-70E5-4117-8396-8B9E3DB4B865}.AppStore|Any CPU.Build.0 = Debug|Any CPU
		{54B3F29B-70E5-4117-8396-8B9E3DB4B865}.AppStore|Any CPU.Deploy.0 = Debug|Any CPU
		{54B3F29B-70E5-4117-8396-8B9E3DB4B865}.AppStore|iPhone.ActiveCfg = Debug|Any CPU
		{54B3F29B-70E5-4117-8396-8B9E3DB4B865}.AppStore|iPhone.Build.0 = Debug|Any CPU
		{54B3F29B-70E5-4117-8396-8B9E3DB4B865}.AppStore|iPhone.Deploy.0 = Debug|Any CPU
		{54B3F29B-70E5-4117-8396-8B9E3DB4B865}.AppStore|iPhoneSimulator.ActiveCfg = Debug|Any CPU
		{54B3F29B-70E5-4117-8396-8B9E3DB4B865}.AppStore|iPhoneSimulator.Build.0 = Debug|Any CPU
		{54B3F29B-70E5-4117-8396-8B9E3DB4B865}.AppStore|iPhoneSimulator.Deploy.0 = Debug|Any CPU
		{54B3F29B-70E5-4117-8396-8B9E3DB4B865}.Debug|Any CPU.ActiveCfg = Debug|Any CPU
		{54B3F29B-70E5-4117-8396-8B9E3DB4B865}.Debug|Any CPU.Build.0 = Debug|Any CPU
		{54B3F29B-70E5-4117-8396-8B9E3DB4B865}.Debug|Any CPU.Deploy.0 = Debug|Any CPU
		{54B3F29B-70E5-4117-8396-8B9E3DB4B865}.Debug|iPhone.ActiveCfg = Debug|Any CPU
		{54B3F29B-70E5-4117-8396-8B9E3DB4B865}.Debug|iPhone.Build.0 = Debug|Any CPU
		{54B3F29B-70E5-4117-8396-8B9E3DB4B865}.Debug|iPhone.Deploy.0 = Debug|Any CPU
		{54B3F29B-70E5-4117-8396-8B9E3DB4B865}.Debug|iPhoneSimulator.ActiveCfg = Debug|Any CPU
		{54B3F29B-70E5-4117-8396-8B9E3DB4B865}.Debug|iPhoneSimulator.Build.0 = Debug|Any CPU
		{54B3F29B-70E5-4117-8396-8B9E3DB4B865}.Debug|iPhoneSimulator.Deploy.0 = Debug|Any CPU
		{54B3F29B-70E5-4117-8396-8B9E3DB4B865}.Release|Any CPU.ActiveCfg = Release|Any CPU
		{54B3F29B-70E5-4117-8396-8B9E3DB4B865}.Release|Any CPU.Build.0 = Release|Any CPU
		{54B3F29B-70E5-4117-8396-8B9E3DB4B865}.Release|Any CPU.Deploy.0 = Release|Any CPU
		{54B3F29B-70E5-4117-8396-8B9E3DB4B865}.Release|iPhone.ActiveCfg = Release|Any CPU
		{54B3F29B-70E5-4117-8396-8B9E3DB4B865}.Release|iPhone.Build.0 = Release|Any CPU
		{54B3F29B-70E5-4117-8396-8B9E3DB4B865}.Release|iPhone.Deploy.0 = Release|Any CPU
		{54B3F29B-70E5-4117-8396-8B9E3DB4B865}.Release|iPhoneSimulator.ActiveCfg = Release|Any CPU
		{54B3F29B-70E5-4117-8396-8B9E3DB4B865}.Release|iPhoneSimulator.Build.0 = Release|Any CPU
		{54B3F29B-70E5-4117-8396-8B9E3DB4B865}.Release|iPhoneSimulator.Deploy.0 = Release|Any CPU
	EndGlobalSection
	GlobalSection(SolutionProperties) = preSolution
		HideSolutionNode = FALSE
	EndGlobalSection
	GlobalSection(ExtensibilityGlobals) = postSolution
		SolutionGuid = {24030E19-983A-4097-967D-8B4613FCB138}
	EndGlobalSection
EndGlobal
